
Microsoft Visual Studio Solution File, Format Version 12.00
# Visual Studio Version 17
VisualStudioVersion = 17.2.32630.192
MinimumVisualStudioVersion = 10.0.40219.1
Project("{FAE04EC0-301F-11D3-BF4B-00C04F79EFBC}") = "MVCWebApplication1", "MVCWebApplication1\MVCWebApplication1.csproj", "{A03C578C-1C21-4B0B-876F-1010D15A6046}"
EndProject
Global
	GlobalSection(SolutionConfigurationPlatforms) = preSolution
		Debug|Any CPU = Debug|Any CPU
		Release|Any CPU = Release|Any CPU
	EndGlobalSection
	GlobalSection(ProjectConfigurationPlatforms) = postSolution
		{A03C578C-1C21-4B0B-876F-1010D15A6046}.Debug|Any CPU.ActiveCfg = Debug|Any CPU
		{A03C578C-1C21-4B0B-876F-1010D15A6046}.Debug|Any CPU.Build.0 = Debug|Any CPU
		{A03C578C-1C21-4B0B-876F-1010D15A6046}.Release|Any CPU.ActiveCfg = Release|Any CPU
		{A03C578C-1C21-4B0B-876F-1010D15A6046}.Release|Any CPU.Build.0 = Release|Any CPU
	EndGlobalSection
	GlobalSection(SolutionProperties) = preSolution
		HideSolutionNode = FALSE
	EndGlobalSection
	GlobalSection(ExtensibilityGlobals) = postSolution
		SolutionGuid = {32D105A0-CE2E-4597-8649-54EC5032DDDC}
	EndGlobalSection
EndGlobal
